// !$*UTF8*$!
{
	archiveVersion = 1;
	classes = {
	};
	objectVersion = 56;
	objects = {

/* Begin PBXBuildFile section */
		AE28358E2A5F3D29009F1469 /* UdemyFirebaseOperationsApp.swift in Sources */ = {isa = PBXBuildFile; fileRef = AE28358D2A5F3D29009F1469 /* UdemyFirebaseOperationsApp.swift */; };
		AE2835902A5F3D29009F1469 /* MainApp.swift in Sources */ = {isa = PBXBuildFile; fileRef = AE28358F2A5F3D29009F1469 /* MainApp.swift */; };
		AE2835922A5F3D2A009F1469 /* Assets.xcassets in Resources */ = {isa = PBXBuildFile; fileRef = AE2835912A5F3D2A009F1469 /* Assets.xcassets */; };
		AE2835952A5F3D2A009F1469 /* Preview Assets.xcassets in Resources */ = {isa = PBXBuildFile; fileRef = AE2835942A5F3D2A009F1469 /* Preview Assets.xcassets */; };
		AE28359F2A5F3F5D009F1469 /* FirebaseDatabase in Frameworks */ = {isa = PBXBuildFile; productRef = AE28359E2A5F3F5D009F1469 /* FirebaseDatabase */; };
		AE2835A82A5F4211009F1469 /* Persons.swift in Sources */ = {isa = PBXBuildFile; fileRef = AE2835A72A5F4211009F1469 /* Persons.swift */; };
		AE2835AA2A5F4293009F1469 /* PersonsDao.swift in Sources */ = {isa = PBXBuildFile; fileRef = AE2835A92A5F4293009F1469 /* PersonsDao.swift */; };
		AE2835AD2A5F4926009F1469 /* GoogleService-Info.plist in Resources */ = {isa = PBXBuildFile; fileRef = AE2835AC2A5F4926009F1469 /* GoogleService-Info.plist */; };
		AED2E88A2A60914B00E7F38F /* NotificationExample.swift in Sources */ = {isa = PBXBuildFile; fileRef = AED2E8892A60914B00E7F38F /* NotificationExample.swift */; };
/* End PBXBuildFile section */

/* Begin PBXFileReference section */
		AE28358A2A5F3D29009F1469 /* UdemyFirebaseOperations.app */ = {isa = PBXFileReference; explicitFileType = wrapper.application; includeInIndex = 0; path = UdemyFirebaseOperations.app; sourceTree = BUILT_PRODUCTS_DIR; };
		AE28358D2A5F3D29009F1469 /* UdemyFirebaseOperationsApp.swift */ = {isa = PBXFileReference; lastKnownFileType = sourcecode.swift; path = UdemyFirebaseOperationsApp.swift; sourceTree = "<group>"; };
		AE28358F2A5F3D29009F1469 /* MainApp.swift */ = {isa = PBXFileReference; lastKnownFileType = sourcecode.swift; path = MainApp.swift; sourceTree = "<group>"; };
		AE2835912A5F3D2A009F1469 /* Assets.xcassets */ = {isa = PBXFileReference; lastKnownFileType = folder.assetcatalog; path = Assets.xcassets; sourceTree = "<group>"; };
		AE2835942A5F3D2A009F1469 /* Preview Assets.xcassets */ = {isa = PBXFileReference; lastKnownFileType = folder.assetcatalog; path = "Preview Assets.xcassets"; sourceTree = "<group>"; };
		AE2835A72A5F4211009F1469 /* Persons.swift */ = {isa = PBXFileReference; lastKnownFileType = sourcecode.swift; path = Persons.swift; sourceTree = "<group>"; };
		AE2835A92A5F4293009F1469 /* PersonsDao.swift */ = {isa = PBXFileReference; lastKnownFileType = sourcecode.swift; path = PersonsDao.swift; sourceTree = "<group>"; };
		AE2835AB2A5F48A2009F1469 /* Info.plist */ = {isa = PBXFileReference; lastKnownFileType = text.plist; path = Info.plist; sourceTree = "<group>"; };
		AE2835AC2A5F4926009F1469 /* GoogleService-Info.plist */ = {isa = PBXFileReference; fileEncoding = 4; lastKnownFileType = text.plist.xml; path = "GoogleService-Info.plist"; sourceTree = "<group>"; };
		AED2E8892A60914B00E7F38F /* NotificationExample.swift */ = {isa = PBXFileReference; lastKnownFileType = sourcecode.swift; path = NotificationExample.swift; sourceTree = "<group>"; };
/* End PBXFileReference section */

/* Begin PBXFrameworksBuildPhase section */
		AE2835872A5F3D29009F1469 /* Frameworks */ = {
			isa = PBXFrameworksBuildPhase;
			buildActionMask = 2147483647;
			files = (
				AE28359F2A5F3F5D009F1469 /* FirebaseDatabase in Frameworks */,
			);
			runOnlyForDeploymentPostprocessing = 0;
		};
/* End PBXFrameworksBuildPhase section */

/* Begin PBXGroup section */
		AE2835812A5F3D28009F1469 = {
			isa = PBXGroup;
			children = (
				AE28358C2A5F3D29009F1469 /* UdemyFirebaseOperations */,
				AE28358B2A5F3D29009F1469 /* Products */,
			);
			sourceTree = "<group>";
		};
		AE28358B2A5F3D29009F1469 /* Products */ = {
			isa = PBXGroup;
			children = (
				AE28358A2A5F3D29009F1469 /* UdemyFirebaseOperations.app */,
			);
			name = Products;
			sourceTree = "<group>";
		};
		AE28358C2A5F3D29009F1469 /* UdemyFirebaseOperations */ = {
			isa = PBXGroup;
			children = (
				AE2835AB2A5F48A2009F1469 /* Info.plist */,
				AE2835A62A5F41F6009F1469 /* helpers */,
				AE2835A52A5F41EE009F1469 /* services */,
				AE2835A42A5F41E3009F1469 /* models */,
				AE2835A12A5F415E009F1469 /* ui */,
				AE28358D2A5F3D29009F1469 /* UdemyFirebaseOperationsApp.swift */,
				AE28358F2A5F3D29009F1469 /* MainApp.swift */,
				AE2835912A5F3D2A009F1469 /* Assets.xcassets */,
				AE2835AC2A5F4926009F1469 /* GoogleService-Info.plist */,
				AE2835932A5F3D2A009F1469 /* Preview Content */,
			);
			path = UdemyFirebaseOperations;
			sourceTree = "<group>";
		};
		AE2835932A5F3D2A009F1469 /* Preview Content */ = {
			isa = PBXGroup;
			children = (
				AE2835942A5F3D2A009F1469 /* Preview Assets.xcassets */,
			);
			path = "Preview Content";
			sourceTree = "<group>";
		};
		AE2835A12A5F415E009F1469 /* ui */ = {
			isa = PBXGroup;
			children = (
				AE2835A32A5F41D1009F1469 /* viewModels */,
				AE2835A22A5F4165009F1469 /* views */,
			);
			path = ui;
			sourceTree = "<group>";
		};
		AE2835A22A5F4165009F1469 /* views */ = {
			isa = PBXGroup;
			children = (
				AED2E8892A60914B00E7F38F /* NotificationExample.swift */,
			);
			path = views;
			sourceTree = "<group>";
		};
		AE2835A32A5F41D1009F1469 /* viewModels */ = {
			isa = PBXGroup;
			children = (
			);
			path = viewModels;
			sourceTree = "<group>";
		};
		AE2835A42A5F41E3009F1469 /* models */ = {
			isa = PBXGroup;
			children = (
				AE2835A72A5F4211009F1469 /* Persons.swift */,
			);
			path = models;
			sourceTree = "<group>";
		};
		AE2835A52A5F41EE009F1469 /* services */ = {
			isa = PBXGroup;
			children = (
				AE2835A92A5F4293009F1469 /* PersonsDao.swift */,
			);
			path = services;
			sourceTree = "<group>";
		};
		AE2835A62A5F41F6009F1469 /* helpers */ = {
			isa = PBXGroup;
			children = (
			);
			path = helpers;
			sourceTree = "<group>";
		};
/* End PBXGroup section */

/* Begin PBXNativeTarget section */
		AE2835892A5F3D29009F1469 /* UdemyFirebaseOperations */ = {
			isa = PBXNativeTarget;
			buildConfigurationList = AE2835982A5F3D2A009F1469 /* Build configuration list for PBXNativeTarget "UdemyFirebaseOperations" */;
			buildPhases = (
				AE2835862A5F3D29009F1469 /* Sources */,
				AE2835872A5F3D29009F1469 /* Frameworks */,
				AE2835882A5F3D29009F1469 /* Resources */,
			);
			buildRules = (
			);
			dependencies = (
			);
			name = UdemyFirebaseOperations;
			packageProductDependencies = (
				AE28359E2A5F3F5D009F1469 /* FirebaseDatabase */,
			);
			productName = UdemyFirebaseOperations;
			productReference = AE28358A2A5F3D29009F1469 /* UdemyFirebaseOperations.app */;
			productType = "com.apple.product-type.application";
		};
/* End PBXNativeTarget section */

/* Begin PBXProject section */
		AE2835822A5F3D28009F1469 /* Project object */ = {
			isa = PBXProject;
			attributes = {
				BuildIndependentTargetsInParallel = 1;
				LastSwiftUpdateCheck = 1430;
				LastUpgradeCheck = 1430;
				TargetAttributes = {
					AE2835892A5F3D29009F1469 = {
						CreatedOnToolsVersion = 14.3.1;
					};
				};
			};
			buildConfigurationList = AE2835852A5F3D28009F1469 /* Build configuration list for PBXProject "UdemyFirebaseOperations" */;
			compatibilityVersion = "Xcode 14.0";
			developmentRegion = en;
			hasScannedForEncodings = 0;
			knownRegions = (
				en,
				Base,
			);
			mainGroup = AE2835812A5F3D28009F1469;
			packageReferences = (
				AE28359D2A5F3F5D009F1469 /* XCRemoteSwiftPackageReference "firebase-ios-sdk" */,
			);
			productRefGroup = AE28358B2A5F3D29009F1469 /* Products */;
			projectDirPath = "";
			projectRoot = "";
			targets = (
				AE2835892A5F3D29009F1469 /* UdemyFirebaseOperations */,
			);
		};
/* End PBXProject section */

/* Begin PBXResourcesBuildPhase section */
		AE2835882A5F3D29009F1469 /* Resources */ = {
			isa = PBXResourcesBuildPhase;
			buildActionMask = 2147483647;
			files = (
				AE2835952A5F3D2A009F1469 /* Preview Assets.xcassets in Resources */,
				AE2835922A5F3D2A009F1469 /* Assets.xcassets in Resources */,
				AE2835AD2A5F4926009F1469 /* GoogleService-Info.plist in Resources */,
			);
			runOnlyForDeploymentPostprocessing = 0;
		};
/* End PBXResourcesBuildPhase section */

/* Begin PBXSourcesBuildPhase section */
		AE2835862A5F3D29009F1469 /* Sources */ = {
			isa = PBXSourcesBuildPhase;
			buildActionMask = 2147483647;
			files = (
				AED2E88A2A60914B00E7F38F /* NotificationExample.swift in Sources */,
				AE2835A82A5F4211009F1469 /* Persons.swift in Sources */,
				AE2835AA2A5F4293009F1469 /* PersonsDao.swift in Sources */,
				AE2835902A5F3D29009F1469 /* MainApp.swift in Sources */,
				AE28358E2A5F3D29009F1469 /* UdemyFirebaseOperationsApp.swift in Sources */,
			);
			runOnlyForDeploymentPostprocessing = 0;
		};
/* End PBXSourcesBuildPhase section */

/* Begin XCBuildConfiguration section */
		AE2835962A5F3D2A009F1469 /* Debug */ = {
			isa = XCBuildConfiguration;
			buildSettings = {
				ALWAYS_SEARCH_USER_PATHS = NO;
				CLANG_ANALYZER_NONNULL = YES;
				CLANG_ANALYZER_NUMBER_OBJECT_CONVERSION = YES_AGGRESSIVE;
				CLANG_CXX_LANGUAGE_STANDARD = "gnu++20";
				CLANG_ENABLE_MODULES = YES;
				CLANG_ENABLE_OBJC_ARC = YES;
				CLANG_ENABLE_OBJC_WEAK = YES;
				CLANG_WARN_BLOCK_CAPTURE_AUTORELEASING = YES;
				CLANG_WARN_BOOL_CONVERSION = YES;
				CLANG_WARN_COMMA = YES;
				CLANG_WARN_CONSTANT_CONVERSION = YES;
				CLANG_WARN_DEPRECATED_OBJC_IMPLEMENTATIONS = YES;
				CLANG_WARN_DIRECT_OBJC_ISA_USAGE = YES_ERROR;
				CLANG_WARN_DOCUMENTATION_COMMENTS = YES;
				CLANG_WARN_EMPTY_BODY = YES;
				CLANG_WARN_ENUM_CONVERSION = YES;
				CLANG_WARN_INFINITE_RECURSION = YES;
				CLANG_WARN_INT_CONVERSION = YES;
				CLANG_WARN_NON_LITERAL_NULL_CONVERSION = YES;
				CLANG_WARN_OBJC_IMPLICIT_RETAIN_SELF = YES;
				CLANG_WARN_OBJC_LITERAL_CONVERSION = YES;
				CLANG_WARN_OBJC_ROOT_CLASS = YES_ERROR;
				CLANG_WARN_QUOTED_INCLUDE_IN_FRAMEWORK_HEADER = YES;
				CLANG_WARN_RANGE_LOOP_ANALYSIS = YES;
				CLANG_WARN_STRICT_PROTOTYPES = YES;
				CLANG_WARN_SUSPICIOUS_MOVE = YES;
				CLANG_WARN_UNGUARDED_AVAILABILITY = YES_AGGRESSIVE;
				CLANG_WARN_UNREACHABLE_CODE = YES;
				CLANG_WARN__DUPLICATE_METHOD_MATCH = YES;
				COPY_PHASE_STRIP = NO;
				DEBUG_INFORMATION_FORMAT = dwarf;
				ENABLE_STRICT_OBJC_MSGSEND = YES;
				ENABLE_TESTABILITY = YES;
				GCC_C_LANGUAGE_STANDARD = gnu11;
				GCC_DYNAMIC_NO_PIC = NO;
				GCC_NO_COMMON_BLOCKS = YES;
				GCC_OPTIMIZATION_LEVEL = 0;
				GCC_PREPROCESSOR_DEFINITIONS = (
					"DEBUG=1",
					"$(inherited)",
				);
				GCC_WARN_64_TO_32_BIT_CONVERSION = YES;
				GCC_WARN_ABOUT_RETURN_TYPE = YES_ERROR;
				GCC_WARN_UNDECLARED_SELECTOR = YES;
				GCC_WARN_UNINITIALIZED_AUTOS = YES_AGGRESSIVE;
				GCC_WARN_UNUSED_FUNCTION = YES;
				GCC_WARN_UNUSED_VARIABLE = YES;
				IPHONEOS_DEPLOYMENT_TARGET = 16.4;
				MTL_ENABLE_DEBUG_INFO = INCLUDE_SOURCE;
				MTL_FAST_MATH = YES;
				ONLY_ACTIVE_ARCH = YES;
				SDKROOT = iphoneos;
				SWIFT_ACTIVE_COMPILATION_CONDITIONS = DEBUG;
				SWIFT_OPTIMIZATION_LEVEL = "-Onone";
			};
			name = Debug;
		};
		AE2835972A5F3D2A009F1469 /* Release */ = {
			isa = XCBuildConfiguration;
			buildSettings = {
				ALWAYS_SEARCH_USER_PATHS = NO;
				CLANG_ANALYZER_NONNULL = YES;
				CLANG_ANALYZER_NUMBER_OBJECT_CONVERSION = YES_AGGRESSIVE;
				CLANG_CXX_LANGUAGE_STANDARD = "gnu++20";
				CLANG_ENABLE_MODULES = YES;
				CLANG_ENABLE_OBJC_ARC = YES;
				CLANG_ENABLE_OBJC_WEAK = YES;
				CLANG_WARN_BLOCK_CAPTURE_AUTORELEASING = YES;
				CLANG_WARN_BOOL_CONVERSION = YES;
				CLANG_WARN_COMMA = YES;
				CLANG_WARN_CONSTANT_CONVERSION = YES;
				CLANG_WARN_DEPRECATED_OBJC_IMPLEMENTATIONS = YES;
				CLANG_WARN_DIRECT_OBJC_ISA_USAGE = YES_ERROR;
				CLANG_WARN_DOCUMENTATION_COMMENTS = YES;
				CLANG_WARN_EMPTY_BODY = YES;
				CLANG_WARN_ENUM_CONVERSION = YES;
				CLANG_WARN_INFINITE_RECURSION = YES;
				CLANG_WARN_INT_CONVERSION = YES;
				CLANG_WARN_NON_LITERAL_NULL_CONVERSION = YES;
				CLANG_WARN_OBJC_IMPLICIT_RETAIN_SELF = YES;
				CLANG_WARN_OBJC_LITERAL_CONVERSION = YES;
				CLANG_WARN_OBJC_ROOT_CLASS = YES_ERROR;
				CLANG_WARN_QUOTED_INCLUDE_IN_FRAMEWORK_HEADER = YES;
				CLANG_WARN_RANGE_LOOP_ANALYSIS = YES;
				CLANG_WARN_STRICT_PROTOTYPES = YES;
				CLANG_WARN_SUSPICIOUS_MOVE = YES;
				CLANG_WARN_UNGUARDED_AVAILABILITY = YES_AGGRESSIVE;
				CLANG_WARN_UNREACHABLE_CODE = YES;
				CLANG_WARN__DUPLICATE_METHOD_MATCH = YES;
				COPY_PHASE_STRIP = NO;
				DEBUG_INFORMATION_FORMAT = "dwarf-with-dsym";
				ENABLE_NS_ASSERTIONS = NO;
				ENABLE_STRICT_OBJC_MSGSEND = YES;
				GCC_C_LANGUAGE_STANDARD = gnu11;
				GCC_NO_COMMON_BLOCKS = YES;
				GCC_WARN_64_TO_32_BIT_CONVERSION = YES;
				GCC_WARN_ABOUT_RETURN_TYPE = YES_ERROR;
				GCC_WARN_UNDECLARED_SELECTOR = YES;
				GCC_WARN_UNINITIALIZED_AUTOS = YES_AGGRESSIVE;
				GCC_WARN_UNUSED_FUNCTION = YES;
				GCC_WARN_UNUSED_VARIABLE = YES;
				IPHONEOS_DEPLOYMENT_TARGET = 16.4;
				MTL_ENABLE_DEBUG_INFO = NO;
				MTL_FAST_MATH = YES;
				SDKROOT = iphoneos;
				SWIFT_COMPILATION_MODE = wholemodule;
				SWIFT_OPTIMIZATION_LEVEL = "-O";
				VALIDATE_PRODUCT = YES;
			};
			name = Release;
		};
		AE2835992A5F3D2A009F1469 /* Debug */ = {
			isa = XCBuildConfiguration;
			buildSettings = {
				ASSETCATALOG_COMPILER_APPICON_NAME = AppIcon;
				ASSETCATALOG_COMPILER_GLOBAL_ACCENT_COLOR_NAME = AccentColor;
				CODE_SIGN_STYLE = Automatic;
				CURRENT_PROJECT_VERSION = 1;
				DEVELOPMENT_ASSET_PATHS = "\"UdemyFirebaseOperations/Preview Content\"";
				DEVELOPMENT_TEAM = 5C3SB5DK2F;
				ENABLE_PREVIEWS = YES;
				GENERATE_INFOPLIST_FILE = YES;
				INFOPLIST_FILE = UdemyFirebaseOperations/Info.plist;
				INFOPLIST_KEY_UIApplicationSceneManifest_Generation = YES;
				INFOPLIST_KEY_UIApplicationSupportsIndirectInputEvents = YES;
				INFOPLIST_KEY_UILaunchScreen_Generation = YES;
				INFOPLIST_KEY_UISupportedInterfaceOrientations_iPad = "UIInterfaceOrientationPortrait UIInterfaceOrientationPortraitUpsideDown UIInterfaceOrientationLandscapeLeft UIInterfaceOrientationLandscapeRight";
				INFOPLIST_KEY_UISupportedInterfaceOrientations_iPhone = "UIInterfaceOrientationPortrait UIInterfaceOrientationLandscapeLeft UIInterfaceOrientationLandscapeRight";
				LD_RUNPATH_SEARCH_PATHS = (
					"$(inherited)",
					"@executable_path/Frameworks",
				);
				MARKETING_VERSION = 1.0;
				PRODUCT_BUNDLE_IDENTIFIER = com.hakangul.UdemyFirebaseOperations;
				PRODUCT_NAME = "$(TARGET_NAME)";
				SWIFT_EMIT_LOC_STRINGS = YES;
				SWIFT_VERSION = 5.0;
				TARGETED_DEVICE_FAMILY = "1,2";
			};
			name = Debug;
		};
		AE28359A2A5F3D2A009F1469 /* Release */ = {
			isa = XCBuildConfiguration;
			buildSettings = {
				ASSETCATALOG_COMPILER_APPICON_NAME = AppIcon;
				ASSETCATALOG_COMPILER_GLOBAL_ACCENT_COLOR_NAME = AccentColor;
				CODE_SIGN_STYLE = Automatic;
				CURRENT_PROJECT_VERSION = 1;
				DEVELOPMENT_ASSET_PATHS = "\"UdemyFirebaseOperations/Preview Content\"";
				DEVELOPMENT_TEAM = 5C3SB5DK2F;
				ENABLE_PREVIEWS = YES;
				GENERATE_INFOPLIST_FILE = YES;
				INFOPLIST_FILE = UdemyFirebaseOperations/Info.plist;
				INFOPLIST_KEY_UIApplicationSceneManifest_Generation = YES;
				INFOPLIST_KEY_UIApplicationSupportsIndirectInputEvents = YES;
				INFOPLIST_KEY_UILaunchScreen_Generation = YES;
				INFOPLIST_KEY_UISupportedInterfaceOrientations_iPad = "UIInterfaceOrientationPortrait UIInterfaceOrientationPortraitUpsideDown UIInterfaceOrientationLandscapeLeft UIInterfaceOrientationLandscapeRight";
				INFOPLIST_KEY_UISupportedInterfaceOrientations_iPhone = "UIInterfaceOrientationPortrait UIInterfaceOrientationLandscapeLeft UIInterfaceOrientationLandscapeRight";
				LD_RUNPATH_SEARCH_PATHS = (
					"$(inherited)",
					"@executable_path/Frameworks",
				);
				MARKETING_VERSION = 1.0;
				PRODUCT_BUNDLE_IDENTIFIER = com.hakangul.UdemyFirebaseOperations;
				PRODUCT_NAME = "$(TARGET_NAME)";
				SWIFT_EMIT_LOC_STRINGS = YES;
				SWIFT_VERSION = 5.0;
				TARGETED_DEVICE_FAMILY = "1,2";
			};
			name = Release;
		};
/* End XCBuildConfiguration section */

/* Begin XCConfigurationList section */
		AE2835852A5F3D28009F1469 /* Build configuration list for PBXProject "UdemyFirebaseOperations" */ = {
			isa = XCConfigurationList;
			buildConfigurations = (
				AE2835962A5F3D2A009F1469 /* Debug */,
				AE2835972A5F3D2A009F1469 /* Release */,
			);
			defaultConfigurationIsVisible = 0;
			defaultConfigurationName = Release;
		};
		AE2835982A5F3D2A009F1469 /* Build configuration list for PBXNativeTarget "UdemyFirebaseOperations" */ = {
			isa = XCConfigurationList;
			buildConfigurations = (
				AE2835992A5F3D2A009F1469 /* Debug */,
				AE28359A2A5F3D2A009F1469 /* Release */,
			);
			defaultConfigurationIsVisible = 0;
			defaultConfigurationName = Release;
		};
/* End XCConfigurationList section */

/* Begin XCRemoteSwiftPackageReference section */
		AE28359D2A5F3F5D009F1469 /* XCRemoteSwiftPackageReference "firebase-ios-sdk" */ = {
			isa = XCRemoteSwiftPackageReference;
			repositoryURL = "https://github.com/firebase/firebase-ios-sdk.git";
			requirement = {
				kind = upToNextMajorVersion;
				minimumVersion = 10.0.0;
			};
		};
/* End XCRemoteSwiftPackageReference section */

/* Begin XCSwiftPackageProductDependency section */
		AE28359E2A5F3F5D009F1469 /* FirebaseDatabase */ = {
			isa = XCSwiftPackageProductDependency;
			package = AE28359D2A5F3F5D009F1469 /* XCRemoteSwiftPackageReference "firebase-ios-sdk" */;
			productName = FirebaseDatabase;
		};
/* End XCSwiftPackageProductDependency section */
	};
	rootObject = AE2835822A5F3D28009F1469 /* Project object */;
}
